
Microsoft Visual Studio Solution File, Format Version 12.00
# Visual Studio Version 17
VisualStudioVersion = 17.10.35004.147
MinimumVisualStudioVersion = 10.0.40219.1
Project("{9A19103F-16F7-4668-BE54-9A1E7A4F7556}") = "BookAPI", "BookAPI\BookAPI.csproj", "{64EB0E2B-4FC5-45D3-99E0-A8D208A4AE26}"
EndProject
Project("{9A19103F-16F7-4668-BE54-9A1E7A4F7556}") = "BookAPITesting", "BookAPITesting\BookAPITesting.csproj", "{083686C1-DC35-496A-9186-D7BBE32A91C8}"
EndProject
Global
	GlobalSection(SolutionConfigurationPlatforms) = preSolution
		Debug|Any CPU = Debug|Any CPU
		Release|Any CPU = Release|Any CPU
	EndGlobalSection
	GlobalSection(ProjectConfigurationPlatforms) = postSolution
		{64EB0E2B-4FC5-45D3-99E0-A8D208A4AE26}.Debug|Any CPU.ActiveCfg = Debug|Any CPU
		{64EB0E2B-4FC5-45D3-99E0-A8D208A4AE26}.Debug|Any CPU.Build.0 = Debug|Any CPU
		{64EB0E2B-4FC5-45D3-99E0-A8D208A4AE26}.Release|Any CPU.ActiveCfg = Release|Any CPU
		{64EB0E2B-4FC5-45D3-99E0-A8D208A4AE26}.Release|Any CPU.Build.0 = Release|Any CPU
		{083686C1-DC35-496A-9186-D7BBE32A91C8}.Debug|Any CPU.ActiveCfg = Debug|Any CPU
		{083686C1-DC35-496A-9186-D7BBE32A91C8}.Debug|Any CPU.Build.0 = Debug|Any CPU
		{083686C1-DC35-496A-9186-D7BBE32A91C8}.Release|Any CPU.ActiveCfg = Release|Any CPU
		{083686C1-DC35-496A-9186-D7BBE32A91C8}.Release|Any CPU.Build.0 = Release|Any CPU
	EndGlobalSection
	GlobalSection(SolutionProperties) = preSolution
		HideSolutionNode = FALSE
	EndGlobalSection
	GlobalSection(ExtensibilityGlobals) = postSolution
		SolutionGuid = {16DAEB6D-779A-4A3E-8755-4A67E56EE14C}
	EndGlobalSection
EndGlobal
